
Microsoft Visual Studio Solution File, Format Version 12.00
# Visual Studio Version 16
VisualStudioVersion = 16.0.31911.196
MinimumVisualStudioVersion = 10.0.40219.1
Project("{8BC9CEB8-8B4A-11D0-8D11-00A0C91BC942}") = "DataDriven_Niveau0_Hardcode", "DataDriven_Niveau0_Hardcode\DataDriven_Niveau0_Hardcode.vcxproj", "{B2875D27-C5B7-4D5E-AA4D-E657C43EC6ED}"
EndProject
Project("{8BC9CEB8-8B4A-11D0-8D11-00A0C91BC942}") = "ReflectoSerialization", "Reflecto\ReflectoSerialization\ReflectoSerialization.vcxproj", "{3F966C5E-AF4A-4375-9954-234F5BCF304E}"
EndProject
Project("{8BC9CEB8-8B4A-11D0-8D11-00A0C91BC942}") = "DataDriven_Niveau1_Valeur", "DataDriven_Niveau1_Valeur\DataDriven_Niveau1_Valeur.vcxproj", "{74BE4E34-DB72-4269-9DED-366DBC549D33}"
EndProject
Project("{8BC9CEB8-8B4A-11D0-8D11-00A0C91BC942}") = "ReflectoCommon", "Reflecto\ReflectoCommon\ReflectoCommon.vcxproj", "{3403AC28-D2DC-4A4D-9062-9F5D1F883EF7}"
EndProject
Project("{8BC9CEB8-8B4A-11D0-8D11-00A0C91BC942}") = "JsonCpp", "Reflecto\JsonCpp\JsonCpp.vcxproj", "{BDFE2D9F-5A3D-44B7-88B2-4FF7035AF21C}"
EndProject
Project("{8BC9CEB8-8B4A-11D0-8D11-00A0C91BC942}") = "DataDriven_Niveau2_Entite", "DataDriven_Niveau2_Entite\DataDriven_Niveau2_Entite.vcxproj", "{21656DDB-6F27-474B-A05B-6E8C180D88B1}"
EndProject
Project("{8BC9CEB8-8B4A-11D0-8D11-00A0C91BC942}") = "DataDriven_Niveau3_Operation", "DataDriven_Niveau3_Operation\DataDriven_Niveau3_Operation.vcxproj", "{56903325-5AE7-49D6-940B-A72312E7F818}"
EndProject
Project("{8BC9CEB8-8B4A-11D0-8D11-00A0C91BC942}") = "DataDriven_Niveau4_Instruction", "DataDriven_Niveau4_Instruction\DataDriven_Niveau4_Instruction.vcxproj", "{3DF597FF-5892-4F18-AB29-DEE5BD1BE38D}"
EndProject
Global
	GlobalSection(SolutionConfigurationPlatforms) = preSolution
		Debug|x64 = Debug|x64
		Debug|x86 = Debug|x86
		Release|x64 = Release|x64
		Release|x86 = Release|x86
	EndGlobalSection
	GlobalSection(ProjectConfigurationPlatforms) = postSolution
		{B2875D27-C5B7-4D5E-AA4D-E657C43EC6ED}.Debug|x64.ActiveCfg = Debug|x64
		{B2875D27-C5B7-4D5E-AA4D-E657C43EC6ED}.Debug|x64.Build.0 = Debug|x64
		{B2875D27-C5B7-4D5E-AA4D-E657C43EC6ED}.Debug|x86.ActiveCfg = Debug|Win32
		{B2875D27-C5B7-4D5E-AA4D-E657C43EC6ED}.Debug|x86.Build.0 = Debug|Win32
		{B2875D27-C5B7-4D5E-AA4D-E657C43EC6ED}.Release|x64.ActiveCfg = Release|x64
		{B2875D27-C5B7-4D5E-AA4D-E657C43EC6ED}.Release|x64.Build.0 = Release|x64
		{B2875D27-C5B7-4D5E-AA4D-E657C43EC6ED}.Release|x86.ActiveCfg = Release|Win32
		{B2875D27-C5B7-4D5E-AA4D-E657C43EC6ED}.Release|x86.Build.0 = Release|Win32
		{3F966C5E-AF4A-4375-9954-234F5BCF304E}.Debug|x64.ActiveCfg = Debug|x64
		{3F966C5E-AF4A-4375-9954-234F5BCF304E}.Debug|x64.Build.0 = Debug|x64
		{3F966C5E-AF4A-4375-9954-234F5BCF304E}.Debug|x86.ActiveCfg = Debug|Win32
		{3F966C5E-AF4A-4375-9954-234F5BCF304E}.Debug|x86.Build.0 = Debug|Win32
		{3F966C5E-AF4A-4375-9954-234F5BCF304E}.Release|x64.ActiveCfg = Release|x64
		{3F966C5E-AF4A-4375-9954-234F5BCF304E}.Release|x64.Build.0 = Release|x64
		{3F966C5E-AF4A-4375-9954-234F5BCF304E}.Release|x86.ActiveCfg = Release|Win32
		{3F966C5E-AF4A-4375-9954-234F5BCF304E}.Release|x86.Build.0 = Release|Win32
		{74BE4E34-DB72-4269-9DED-366DBC549D33}.Debug|x64.ActiveCfg = Debug|x64
		{74BE4E34-DB72-4269-9DED-366DBC549D33}.Debug|x64.Build.0 = Debug|x64
		{74BE4E34-DB72-4269-9DED-366DBC549D33}.Debug|x86.ActiveCfg = Debug|Win32
		{74BE4E34-DB72-4269-9DED-366DBC549D33}.Debug|x86.Build.0 = Debug|Win32
		{74BE4E34-DB72-4269-9DED-366DBC549D33}.Release|x64.ActiveCfg = Release|x64
		{74BE4E34-DB72-4269-9DED-366DBC549D33}.Release|x64.Build.0 = Release|x64
		{74BE4E34-DB72-4269-9DED-366DBC549D33}.Release|x86.ActiveCfg = Release|Win32
		{74BE4E34-DB72-4269-9DED-366DBC549D33}.Release|x86.Build.0 = Release|Win32
		{3403AC28-D2DC-4A4D-9062-9F5D1F883EF7}.Debug|x64.ActiveCfg = Debug|x64
		{3403AC28-D2DC-4A4D-9062-9F5D1F883EF7}.Debug|x64.Build.0 = Debug|x64
		{3403AC28-D2DC-4A4D-9062-9F5D1F883EF7}.Debug|x86.ActiveCfg = Debug|Win32
		{3403AC28-D2DC-4A4D-9062-9F5D1F883EF7}.Debug|x86.Build.0 = Debug|Win32
		{3403AC28-D2DC-4A4D-9062-9F5D1F883EF7}.Release|x64.ActiveCfg = Release|x64
		{3403AC28-D2DC-4A4D-9062-9F5D1F883EF7}.Release|x64.Build.0 = Release|x64
		{3403AC28-D2DC-4A4D-9062-9F5D1F883EF7}.Release|x86.ActiveCfg = Release|Win32
		{3403AC28-D2DC-4A4D-9062-9F5D1F883EF7}.Release|x86.Build.0 = Release|Win32
		{BDFE2D9F-5A3D-44B7-88B2-4FF7035AF21C}.Debug|x64.ActiveCfg = Debug|x64
		{BDFE2D9F-5A3D-44B7-88B2-4FF7035AF21C}.Debug|x64.Build.0 = Debug|x64
		{BDFE2D9F-5A3D-44B7-88B2-4FF7035AF21C}.Debug|x86.ActiveCfg = Debug|Win32
		{BDFE2D9F-5A3D-44B7-88B2-4FF7035AF21C}.Debug|x86.Build.0 = Debug|Win32
		{BDFE2D9F-5A3D-44B7-88B2-4FF7035AF21C}.Release|x64.ActiveCfg = Release|x64
		{BDFE2D9F-5A3D-44B7-88B2-4FF7035AF21C}.Release|x64.Build.0 = Release|x64
		{BDFE2D9F-5A3D-44B7-88B2-4FF7035AF21C}.Release|x86.ActiveCfg = Release|Win32
		{BDFE2D9F-5A3D-44B7-88B2-4FF7035AF21C}.Release|x86.Build.0 = Release|Win32
		{21656DDB-6F27-474B-A05B-6E8C180D88B1}.Debug|x64.ActiveCfg = Debug|x64
		{21656DDB-6F27-474B-A05B-6E8C180D88B1}.Debug|x64.Build.0 = Debug|x64
		{21656DDB-6F27-474B-A05B-6E8C180D88B1}.Debug|x86.ActiveCfg = Debug|Win32
		{21656DDB-6F27-474B-A05B-6E8C180D88B1}.Debug|x86.Build.0 = Debug|Win32
		{21656DDB-6F27-474B-A05B-6E8C180D88B1}.Release|x64.ActiveCfg = Release|x64
		{21656DDB-6F27-474B-A05B-6E8C180D88B1}.Release|x64.Build.0 = Release|x64
		{21656DDB-6F27-474B-A05B-6E8C180D88B1}.Release|x86.ActiveCfg = Release|Win32
		{21656DDB-6F27-474B-A05B-6E8C180D88B1}.Release|x86.Build.0 = Release|Win32
		{56903325-5AE7-49D6-940B-A72312E7F818}.Debug|x64.ActiveCfg = Debug|x64
		{56903325-5AE7-49D6-940B-A72312E7F818}.Debug|x64.Build.0 = Debug|x64
		{56903325-5AE7-49D6-940B-A72312E7F818}.Debug|x86.ActiveCfg = Debug|Win32
		{56903325-5AE7-49D6-940B-A72312E7F818}.Debug|x86.Build.0 = Debug|Win32
		{56903325-5AE7-49D6-940B-A72312E7F818}.Release|x64.ActiveCfg = Release|x64
		{56903325-5AE7-49D6-940B-A72312E7F818}.Release|x64.Build.0 = Release|x64
		{56903325-5AE7-49D6-940B-A72312E7F818}.Release|x86.ActiveCfg = Release|Win32
		{56903325-5AE7-49D6-940B-A72312E7F818}.Release|x86.Build.0 = Release|Win32
		{3DF597FF-5892-4F18-AB29-DEE5BD1BE38D}.Debug|x64.ActiveCfg = Debug|x64
		{3DF597FF-5892-4F18-AB29-DEE5BD1BE38D}.Debug|x64.Build.0 = Debug|x64
		{3DF597FF-5892-4F18-AB29-DEE5BD1BE38D}.Debug|x86.ActiveCfg = Debug|Win32
		{3DF597FF-5892-4F18-AB29-DEE5BD1BE38D}.Debug|x86.Build.0 = Debug|Win32
		{3DF597FF-5892-4F18-AB29-DEE5BD1BE38D}.Release|x64.ActiveCfg = Release|x64
		{3DF597FF-5892-4F18-AB29-DEE5BD1BE38D}.Release|x64.Build.0 = Release|x64
		{3DF597FF-5892-4F18-AB29-DEE5BD1BE38D}.Release|x86.ActiveCfg = Release|Win32
		{3DF597FF-5892-4F18-AB29-DEE5BD1BE38D}.Release|x86.Build.0 = Release|Win32
	EndGlobalSection
	GlobalSection(SolutionProperties) = preSolution
		HideSolutionNode = FALSE
	EndGlobalSection
	GlobalSection(ExtensibilityGlobals) = postSolution
		SolutionGuid = {68DC5F4E-1FB1-4A63-A265-1E7B7862A6D1}
	EndGlobalSection
EndGlobal
